{
  "name": "logger-for-yc-functions-with-tg-alert",
  "version": "3.0.0",
  "lockfileVersion": 3,
  "requires": true,
  "packages": {
    "": {
      "name": "logger-for-yc-functions-with-tg-alert",
      "version": "3.0.0",
      "license": "MIT",
      "engines": {
        "node": ">=18.0.0",
        "npm": ">=7.24.2"
      }
    }
  }
}
